// !$*UTF8*$!
{
	archiveVersion = 1;
	classes = {
	};
	objectVersion = 50;
	objects = {

/* Begin PBXBuildFile section */
		3279DD5826C479CF00553D2F /* UnitTest_PracticeApp.swift in Sources */ = {isa = PBXBuildFile; fileRef = 3279DD5726C479CF00553D2F /* UnitTest_PracticeApp.swift */; };
		3279DD5A26C479CF00553D2F /* ContentView.swift in Sources */ = {isa = PBXBuildFile; fileRef = 3279DD5926C479CF00553D2F /* ContentView.swift */; };
		3279DD5C26C479D000553D2F /* Assets.xcassets in Resources */ = {isa = PBXBuildFile; fileRef = 3279DD5B26C479D000553D2F /* Assets.xcassets */; };
		3279DD5F26C479D000553D2F /* Preview Assets.xcassets in Resources */ = {isa = PBXBuildFile; fileRef = 3279DD5E26C479D000553D2F /* Preview Assets.xcassets */; };
		3279DD6D26C479E500553D2F /* UnitTest_Practice_Tests.swift in Sources */ = {isa = PBXBuildFile; fileRef = 3279DD6C26C479E500553D2F /* UnitTest_Practice_Tests.swift */; };
		3279DD7526C47F9C00553D2F /* LoginViewModel.swift in Sources */ = {isa = PBXBuildFile; fileRef = 3279DD7426C47F9C00553D2F /* LoginViewModel.swift */; };
		3279DD7726C47FC900553D2F /* ValidationService.swift in Sources */ = {isa = PBXBuildFile; fileRef = 3279DD7626C47FC900553D2F /* ValidationService.swift */; };
/* End PBXBuildFile section */

/* Begin PBXContainerItemProxy section */
		3279DD6F26C479E500553D2F /* PBXContainerItemProxy */ = {
			isa = PBXContainerItemProxy;
			containerPortal = 3279DD4C26C479CF00553D2F /* Project object */;
			proxyType = 1;
			remoteGlobalIDString = 3279DD5326C479CF00553D2F;
			remoteInfo = UnitTest_Practice;
		};
/* End PBXContainerItemProxy section */

/* Begin PBXFileReference section */
		3279DD5426C479CF00553D2F /* UnitTest_Practice.app */ = {isa = PBXFileReference; explicitFileType = wrapper.application; includeInIndex = 0; path = UnitTest_Practice.app; sourceTree = BUILT_PRODUCTS_DIR; };
		3279DD5726C479CF00553D2F /* UnitTest_PracticeApp.swift */ = {isa = PBXFileReference; lastKnownFileType = sourcecode.swift; path = UnitTest_PracticeApp.swift; sourceTree = "<group>"; };
		3279DD5926C479CF00553D2F /* ContentView.swift */ = {isa = PBXFileReference; lastKnownFileType = sourcecode.swift; path = ContentView.swift; sourceTree = "<group>"; };
		3279DD5B26C479D000553D2F /* Assets.xcassets */ = {isa = PBXFileReference; lastKnownFileType = folder.assetcatalog; path = Assets.xcassets; sourceTree = "<group>"; };
		3279DD5E26C479D000553D2F /* Preview Assets.xcassets */ = {isa = PBXFileReference; lastKnownFileType = folder.assetcatalog; path = "Preview Assets.xcassets"; sourceTree = "<group>"; };
		3279DD6026C479D000553D2F /* Info.plist */ = {isa = PBXFileReference; lastKnownFileType = text.plist.xml; path = Info.plist; sourceTree = "<group>"; };
		3279DD6A26C479E500553D2F /* UnitTest_Practice_Tests.xctest */ = {isa = PBXFileReference; explicitFileType = wrapper.cfbundle; includeInIndex = 0; path = UnitTest_Practice_Tests.xctest; sourceTree = BUILT_PRODUCTS_DIR; };
		3279DD6C26C479E500553D2F /* UnitTest_Practice_Tests.swift */ = {isa = PBXFileReference; lastKnownFileType = sourcecode.swift; name = UnitTest_Practice_Tests.swift; path = UnitTest_Practice_Tests/UnitTest_Practice_Tests.swift; sourceTree = SOURCE_ROOT; };
		3279DD6E26C479E500553D2F /* Info.plist */ = {isa = PBXFileReference; lastKnownFileType = text.plist.xml; path = Info.plist; sourceTree = "<group>"; };
		3279DD7426C47F9C00553D2F /* LoginViewModel.swift */ = {isa = PBXFileReference; lastKnownFileType = sourcecode.swift; path = LoginViewModel.swift; sourceTree = "<group>"; };
		3279DD7626C47FC900553D2F /* ValidationService.swift */ = {isa = PBXFileReference; lastKnownFileType = sourcecode.swift; path = ValidationService.swift; sourceTree = "<group>"; };
/* End PBXFileReference section */

/* Begin PBXFrameworksBuildPhase section */
		3279DD5126C479CF00553D2F /* Frameworks */ = {
			isa = PBXFrameworksBuildPhase;
			buildActionMask = 2147483647;
			files = (
			);
			runOnlyForDeploymentPostprocessing = 0;
		};
		3279DD6726C479E500553D2F /* Frameworks */ = {
			isa = PBXFrameworksBuildPhase;
			buildActionMask = 2147483647;
			files = (
			);
			runOnlyForDeploymentPostprocessing = 0;
		};
/* End PBXFrameworksBuildPhase section */

/* Begin PBXGroup section */
		3279DD4B26C479CF00553D2F = {
			isa = PBXGroup;
			children = (
				3279DD5626C479CF00553D2F /* UnitTest_Practice */,
				3279DD6B26C479E500553D2F /* UnitTest_Practice_Tests */,
				3279DD5526C479CF00553D2F /* Products */,
			);
			sourceTree = "<group>";
		};
		3279DD5526C479CF00553D2F /* Products */ = {
			isa = PBXGroup;
			children = (
				3279DD5426C479CF00553D2F /* UnitTest_Practice.app */,
				3279DD6A26C479E500553D2F /* UnitTest_Practice_Tests.xctest */,
			);
			name = Products;
			sourceTree = "<group>";
		};
		3279DD5626C479CF00553D2F /* UnitTest_Practice */ = {
			isa = PBXGroup;
			children = (
				3279DD5726C479CF00553D2F /* UnitTest_PracticeApp.swift */,
				3279DD5926C479CF00553D2F /* ContentView.swift */,
				3279DD5B26C479D000553D2F /* Assets.xcassets */,
				3279DD6026C479D000553D2F /* Info.plist */,
				3279DD5D26C479D000553D2F /* Preview Content */,
				3279DD7426C47F9C00553D2F /* LoginViewModel.swift */,
				3279DD7626C47FC900553D2F /* ValidationService.swift */,
			);
			path = UnitTest_Practice;
			sourceTree = "<group>";
		};
		3279DD5D26C479D000553D2F /* Preview Content */ = {
			isa = PBXGroup;
			children = (
				3279DD5E26C479D000553D2F /* Preview Assets.xcassets */,
			);
			path = "Preview Content";
			sourceTree = "<group>";
		};
		3279DD6B26C479E500553D2F /* UnitTest_Practice_Tests */ = {
			isa = PBXGroup;
			children = (
				3279DD6C26C479E500553D2F /* UnitTest_Practice_Tests.swift */,
				3279DD6E26C479E500553D2F /* Info.plist */,
			);
			path = UnitTest_Practice_Tests;
			sourceTree = "<group>";
		};
/* End PBXGroup section */

/* Begin PBXNativeTarget section */
		3279DD5326C479CF00553D2F /* UnitTest_Practice */ = {
			isa = PBXNativeTarget;
			buildConfigurationList = 3279DD6326C479D000553D2F /* Build configuration list for PBXNativeTarget "UnitTest_Practice" */;
			buildPhases = (
				3279DD5026C479CF00553D2F /* Sources */,
				3279DD5126C479CF00553D2F /* Frameworks */,
				3279DD5226C479CF00553D2F /* Resources */,
			);
			buildRules = (
			);
			dependencies = (
			);
			name = UnitTest_Practice;
			productName = UnitTest_Practice;
			productReference = 3279DD5426C479CF00553D2F /* UnitTest_Practice.app */;
			productType = "com.apple.product-type.application";
		};
		3279DD6926C479E500553D2F /* UnitTest_Practice_Tests */ = {
			isa = PBXNativeTarget;
			buildConfigurationList = 3279DD7126C479E500553D2F /* Build configuration list for PBXNativeTarget "UnitTest_Practice_Tests" */;
			buildPhases = (
				3279DD6626C479E500553D2F /* Sources */,
				3279DD6726C479E500553D2F /* Frameworks */,
				3279DD6826C479E500553D2F /* Resources */,
			);
			buildRules = (
			);
			dependencies = (
				3279DD7026C479E500553D2F /* PBXTargetDependency */,
			);
			name = UnitTest_Practice_Tests;
			productName = UnitTest_Practice_Tests;
			productReference = 3279DD6A26C479E500553D2F /* UnitTest_Practice_Tests.xctest */;
			productType = "com.apple.product-type.bundle.unit-test";
		};
/* End PBXNativeTarget section */

/* Begin PBXProject section */
		3279DD4C26C479CF00553D2F /* Project object */ = {
			isa = PBXProject;
			attributes = {
				LastSwiftUpdateCheck = 1250;
				LastUpgradeCheck = 1250;
				TargetAttributes = {
					3279DD5326C479CF00553D2F = {
						CreatedOnToolsVersion = 12.5;
					};
					3279DD6926C479E500553D2F = {
						CreatedOnToolsVersion = 12.5;
						TestTargetID = 3279DD5326C479CF00553D2F;
					};
				};
			};
			buildConfigurationList = 3279DD4F26C479CF00553D2F /* Build configuration list for PBXProject "UnitTest_Practice" */;
			compatibilityVersion = "Xcode 9.3";
			developmentRegion = en;
			hasScannedForEncodings = 0;
			knownRegions = (
				en,
				Base,
			);
			mainGroup = 3279DD4B26C479CF00553D2F;
			productRefGroup = 3279DD5526C479CF00553D2F /* Products */;
			projectDirPath = "";
			projectRoot = "";
			targets = (
				3279DD5326C479CF00553D2F /* UnitTest_Practice */,
				3279DD6926C479E500553D2F /* UnitTest_Practice_Tests */,
			);
		};
/* End PBXProject section */

/* Begin PBXResourcesBuildPhase section */
		3279DD5226C479CF00553D2F /* Resources */ = {
			isa = PBXResourcesBuildPhase;
			buildActionMask = 2147483647;
			files = (
				3279DD5F26C479D000553D2F /* Preview Assets.xcassets in Resources */,
				3279DD5C26C479D000553D2F /* Assets.xcassets in Resources */,
			);
			runOnlyForDeploymentPostprocessing = 0;
		};
		3279DD6826C479E500553D2F /* Resources */ = {
			isa = PBXResourcesBuildPhase;
			buildActionMask = 2147483647;
			files = (
			);
			runOnlyForDeploymentPostprocessing = 0;
		};
/* End PBXResourcesBuildPhase section */

/* Begin PBXSourcesBuildPhase section */
		3279DD5026C479CF00553D2F /* Sources */ = {
			isa = PBXSourcesBuildPhase;
			buildActionMask = 2147483647;
			files = (
				3279DD5A26C479CF00553D2F /* ContentView.swift in Sources */,
				3279DD5826C479CF00553D2F /* UnitTest_PracticeApp.swift in Sources */,
				3279DD7726C47FC900553D2F /* ValidationService.swift in Sources */,
				3279DD7526C47F9C00553D2F /* LoginViewModel.swift in Sources */,
			);
			runOnlyForDeploymentPostprocessing = 0;
		};
		3279DD6626C479E500553D2F /* Sources */ = {
			isa = PBXSourcesBuildPhase;
			buildActionMask = 2147483647;
			files = (
				3279DD6D26C479E500553D2F /* UnitTest_Practice_Tests.swift in Sources */,
			);
			runOnlyForDeploymentPostprocessing = 0;
		};
/* End PBXSourcesBuildPhase section */

/* Begin PBXTargetDependency section */
		3279DD7026C479E500553D2F /* PBXTargetDependency */ = {
			isa = PBXTargetDependency;
			target = 3279DD5326C479CF00553D2F /* UnitTest_Practice */;
			targetProxy = 3279DD6F26C479E500553D2F /* PBXContainerItemProxy */;
		};
/* End PBXTargetDependency section */

/* Begin XCBuildConfiguration section */
		3279DD6126C479D000553D2F /* Debug */ = {
			isa = XCBuildConfiguration;
			buildSettings = {
				ALWAYS_SEARCH_USER_PATHS = NO;
				CLANG_ANALYZER_NONNULL = YES;
				CLANG_ANALYZER_NUMBER_OBJECT_CONVERSION = YES_AGGRESSIVE;
				CLANG_CXX_LANGUAGE_STANDARD = "gnu++14";
				CLANG_CXX_LIBRARY = "libc++";
				CLANG_ENABLE_MODULES = YES;
				CLANG_ENABLE_OBJC_ARC = YES;
				CLANG_ENABLE_OBJC_WEAK = YES;
				CLANG_WARN_BLOCK_CAPTURE_AUTORELEASING = YES;
				CLANG_WARN_BOOL_CONVERSION = YES;
				CLANG_WARN_COMMA = YES;
				CLANG_WARN_CONSTANT_CONVERSION = YES;
				CLANG_WARN_DEPRECATED_OBJC_IMPLEMENTATIONS = YES;
				CLANG_WARN_DIRECT_OBJC_ISA_USAGE = YES_ERROR;
				CLANG_WARN_DOCUMENTATION_COMMENTS = YES;
				CLANG_WARN_EMPTY_BODY = YES;
				CLANG_WARN_ENUM_CONVERSION = YES;
				CLANG_WARN_INFINITE_RECURSION = YES;
				CLANG_WARN_INT_CONVERSION = YES;
				CLANG_WARN_NON_LITERAL_NULL_CONVERSION = YES;
				CLANG_WARN_OBJC_IMPLICIT_RETAIN_SELF = YES;
				CLANG_WARN_OBJC_LITERAL_CONVERSION = YES;
				CLANG_WARN_OBJC_ROOT_CLASS = YES_ERROR;
				CLANG_WARN_QUOTED_INCLUDE_IN_FRAMEWORK_HEADER = YES;
				CLANG_WARN_RANGE_LOOP_ANALYSIS = YES;
				CLANG_WARN_STRICT_PROTOTYPES = YES;
				CLANG_WARN_SUSPICIOUS_MOVE = YES;
				CLANG_WARN_UNGUARDED_AVAILABILITY = YES_AGGRESSIVE;
				CLANG_WARN_UNREACHABLE_CODE = YES;
				CLANG_WARN__DUPLICATE_METHOD_MATCH = YES;
				COPY_PHASE_STRIP = NO;
				DEBUG_INFORMATION_FORMAT = dwarf;
				ENABLE_STRICT_OBJC_MSGSEND = YES;
				ENABLE_TESTABILITY = YES;
				GCC_C_LANGUAGE_STANDARD = gnu11;
				GCC_DYNAMIC_NO_PIC = NO;
				GCC_NO_COMMON_BLOCKS = YES;
				GCC_OPTIMIZATION_LEVEL = 0;
				GCC_PREPROCESSOR_DEFINITIONS = (
					"DEBUG=1",
					"$(inherited)",
				);
				GCC_WARN_64_TO_32_BIT_CONVERSION = YES;
				GCC_WARN_ABOUT_RETURN_TYPE = YES_ERROR;
				GCC_WARN_UNDECLARED_SELECTOR = YES;
				GCC_WARN_UNINITIALIZED_AUTOS = YES_AGGRESSIVE;
				GCC_WARN_UNUSED_FUNCTION = YES;
				GCC_WARN_UNUSED_VARIABLE = YES;
				IPHONEOS_DEPLOYMENT_TARGET = 14.5;
				MTL_ENABLE_DEBUG_INFO = INCLUDE_SOURCE;
				MTL_FAST_MATH = YES;
				ONLY_ACTIVE_ARCH = YES;
				SDKROOT = iphoneos;
				SWIFT_ACTIVE_COMPILATION_CONDITIONS = DEBUG;
				SWIFT_OPTIMIZATION_LEVEL = "-Onone";
			};
			name = Debug;
		};
		3279DD6226C479D000553D2F /* Release */ = {
			isa = XCBuildConfiguration;
			buildSettings = {
				ALWAYS_SEARCH_USER_PATHS = NO;
				CLANG_ANALYZER_NONNULL = YES;
				CLANG_ANALYZER_NUMBER_OBJECT_CONVERSION = YES_AGGRESSIVE;
				CLANG_CXX_LANGUAGE_STANDARD = "gnu++14";
				CLANG_CXX_LIBRARY = "libc++";
				CLANG_ENABLE_MODULES = YES;
				CLANG_ENABLE_OBJC_ARC = YES;
				CLANG_ENABLE_OBJC_WEAK = YES;
				CLANG_WARN_BLOCK_CAPTURE_AUTORELEASING = YES;
				CLANG_WARN_BOOL_CONVERSION = YES;
				CLANG_WARN_COMMA = YES;
				CLANG_WARN_CONSTANT_CONVERSION = YES;
				CLANG_WARN_DEPRECATED_OBJC_IMPLEMENTATIONS = YES;
				CLANG_WARN_DIRECT_OBJC_ISA_USAGE = YES_ERROR;
				CLANG_WARN_DOCUMENTATION_COMMENTS = YES;
				CLANG_WARN_EMPTY_BODY = YES;
				CLANG_WARN_ENUM_CONVERSION = YES;
				CLANG_WARN_INFINITE_RECURSION = YES;
				CLANG_WARN_INT_CONVERSION = YES;
				CLANG_WARN_NON_LITERAL_NULL_CONVERSION = YES;
				CLANG_WARN_OBJC_IMPLICIT_RETAIN_SELF = YES;
				CLANG_WARN_OBJC_LITERAL_CONVERSION = YES;
				CLANG_WARN_OBJC_ROOT_CLASS = YES_ERROR;
				CLANG_WARN_QUOTED_INCLUDE_IN_FRAMEWORK_HEADER = YES;
				CLANG_WARN_RANGE_LOOP_ANALYSIS = YES;
				CLANG_WARN_STRICT_PROTOTYPES = YES;
				CLANG_WARN_SUSPICIOUS_MOVE = YES;
				CLANG_WARN_UNGUARDED_AVAILABILITY = YES_AGGRESSIVE;
				CLANG_WARN_UNREACHABLE_CODE = YES;
				CLANG_WARN__DUPLICATE_METHOD_MATCH = YES;
				COPY_PHASE_STRIP = NO;
				DEBUG_INFORMATION_FORMAT = "dwarf-with-dsym";
				ENABLE_NS_ASSERTIONS = NO;
				ENABLE_STRICT_OBJC_MSGSEND = YES;
				GCC_C_LANGUAGE_STANDARD = gnu11;
				GCC_NO_COMMON_BLOCKS = YES;
				GCC_WARN_64_TO_32_BIT_CONVERSION = YES;
				GCC_WARN_ABOUT_RETURN_TYPE = YES_ERROR;
				GCC_WARN_UNDECLARED_SELECTOR = YES;
				GCC_WARN_UNINITIALIZED_AUTOS = YES_AGGRESSIVE;
				GCC_WARN_UNUSED_FUNCTION = YES;
				GCC_WARN_UNUSED_VARIABLE = YES;
				IPHONEOS_DEPLOYMENT_TARGET = 14.5;
				MTL_ENABLE_DEBUG_INFO = NO;
				MTL_FAST_MATH = YES;
				SDKROOT = iphoneos;
				SWIFT_COMPILATION_MODE = wholemodule;
				SWIFT_OPTIMIZATION_LEVEL = "-O";
				VALIDATE_PRODUCT = YES;
			};
			name = Release;
		};
		3279DD6426C479D000553D2F /* Debug */ = {
			isa = XCBuildConfiguration;
			buildSettings = {
				ASSETCATALOG_COMPILER_APPICON_NAME = AppIcon;
				ASSETCATALOG_COMPILER_GLOBAL_ACCENT_COLOR_NAME = AccentColor;
				CODE_SIGN_STYLE = Automatic;
				DEVELOPMENT_ASSET_PATHS = "\"UnitTest_Practice/Preview Content\"";
				DEVELOPMENT_TEAM = 644UZ2HN9Q;
				ENABLE_PREVIEWS = YES;
				INFOPLIST_FILE = UnitTest_Practice/Info.plist;
				IPHONEOS_DEPLOYMENT_TARGET = 14.0;
				LD_RUNPATH_SEARCH_PATHS = (
					"$(inherited)",
					"@executable_path/Frameworks",
				);
				PRODUCT_BUNDLE_IDENTIFIER = "com.MarshallTechnology.UnitTest-Practice";
				PRODUCT_NAME = "$(TARGET_NAME)";
				SWIFT_VERSION = 5.0;
				TARGETED_DEVICE_FAMILY = "1,2";
			};
			name = Debug;
		};
		3279DD6526C479D000553D2F /* Release */ = {
			isa = XCBuildConfiguration;
			buildSettings = {
				ASSETCATALOG_COMPILER_APPICON_NAME = AppIcon;
				ASSETCATALOG_COMPILER_GLOBAL_ACCENT_COLOR_NAME = AccentColor;
				CODE_SIGN_STYLE = Automatic;
				DEVELOPMENT_ASSET_PATHS = "\"UnitTest_Practice/Preview Content\"";
				DEVELOPMENT_TEAM = 644UZ2HN9Q;
				ENABLE_PREVIEWS = YES;
				INFOPLIST_FILE = UnitTest_Practice/Info.plist;
				IPHONEOS_DEPLOYMENT_TARGET = 14.0;
				LD_RUNPATH_SEARCH_PATHS = (
					"$(inherited)",
					"@executable_path/Frameworks",
				);
				PRODUCT_BUNDLE_IDENTIFIER = "com.MarshallTechnology.UnitTest-Practice";
				PRODUCT_NAME = "$(TARGET_NAME)";
				SWIFT_VERSION = 5.0;
				TARGETED_DEVICE_FAMILY = "1,2";
			};
			name = Release;
		};
		3279DD7226C479E500553D2F /* Debug */ = {
			isa = XCBuildConfiguration;
			buildSettings = {
				BUNDLE_LOADER = "$(TEST_HOST)";
				CODE_SIGN_STYLE = Automatic;
				DEVELOPMENT_TEAM = 644UZ2HN9Q;
				INFOPLIST_FILE = UnitTest_Practice_Tests/Info.plist;
				LD_RUNPATH_SEARCH_PATHS = (
					"$(inherited)",
					"@executable_path/Frameworks",
					"@loader_path/Frameworks",
				);
				PRODUCT_BUNDLE_IDENTIFIER = "com.MarshallTechnology.UnitTest-Practice-Tests";
				PRODUCT_NAME = "$(TARGET_NAME)";
				SWIFT_VERSION = 5.0;
				TARGETED_DEVICE_FAMILY = "1,2";
				TEST_HOST = "$(BUILT_PRODUCTS_DIR)/UnitTest_Practice.app/UnitTest_Practice";
			};
			name = Debug;
		};
		3279DD7326C479E500553D2F /* Release */ = {
			isa = XCBuildConfiguration;
			buildSettings = {
				BUNDLE_LOADER = "$(TEST_HOST)";
				CODE_SIGN_STYLE = Automatic;
				DEVELOPMENT_TEAM = 644UZ2HN9Q;
				INFOPLIST_FILE = UnitTest_Practice_Tests/Info.plist;
				LD_RUNPATH_SEARCH_PATHS = (
					"$(inherited)",
					"@executable_path/Frameworks",
					"@loader_path/Frameworks",
				);
				PRODUCT_BUNDLE_IDENTIFIER = "com.MarshallTechnology.UnitTest-Practice-Tests";
				PRODUCT_NAME = "$(TARGET_NAME)";
				SWIFT_VERSION = 5.0;
				TARGETED_DEVICE_FAMILY = "1,2";
				TEST_HOST = "$(BUILT_PRODUCTS_DIR)/UnitTest_Practice.app/UnitTest_Practice";
			};
			name = Release;
		};
/* End XCBuildConfiguration section */

/* Begin XCConfigurationList section */
		3279DD4F26C479CF00553D2F /* Build configuration list for PBXProject "UnitTest_Practice" */ = {
			isa = XCConfigurationList;
			buildConfigurations = (
				3279DD6126C479D000553D2F /* Debug */,
				3279DD6226C479D000553D2F /* Release */,
			);
			defaultConfigurationIsVisible = 0;
			defaultConfigurationName = Release;
		};
		3279DD6326C479D000553D2F /* Build configuration list for PBXNativeTarget "UnitTest_Practice" */ = {
			isa = XCConfigurationList;
			buildConfigurations = (
				3279DD6426C479D000553D2F /* Debug */,
				3279DD6526C479D000553D2F /* Release */,
			);
			defaultConfigurationIsVisible = 0;
			defaultConfigurationName = Release;
		};
		3279DD7126C479E500553D2F /* Build configuration list for PBXNativeTarget "UnitTest_Practice_Tests" */ = {
			isa = XCConfigurationList;
			buildConfigurations = (
				3279DD7226C479E500553D2F /* Debug */,
				3279DD7326C479E500553D2F /* Release */,
			);
			defaultConfigurationIsVisible = 0;
			defaultConfigurationName = Release;
		};
/* End XCConfigurationList section */
	};
	rootObject = 3279DD4C26C479CF00553D2F /* Project object */;
}
