// !$*UTF8*$!
{
	archiveVersion = 1;
	classes = {
	};
	objectVersion = 50;
	objects = {

/* Begin PBXBuildFile section */
		32E5837A26C460DF003DD07A /* UITest_PracticeApp.swift in Sources */ = {isa = PBXBuildFile; fileRef = 32E5837926C460DF003DD07A /* UITest_PracticeApp.swift */; };
		32E5837C26C460DF003DD07A /* ContentView.swift in Sources */ = {isa = PBXBuildFile; fileRef = 32E5837B26C460DF003DD07A /* ContentView.swift */; };
		32E5837E26C460E1003DD07A /* Assets.xcassets in Resources */ = {isa = PBXBuildFile; fileRef = 32E5837D26C460E1003DD07A /* Assets.xcassets */; };
		32E5838126C460E1003DD07A /* Preview Assets.xcassets in Resources */ = {isa = PBXBuildFile; fileRef = 32E5838026C460E1003DD07A /* Preview Assets.xcassets */; };
		32E5838F26C46118003DD07A /* UITest_Practice_Tests.swift in Sources */ = {isa = PBXBuildFile; fileRef = 32E5838E26C46118003DD07A /* UITest_Practice_Tests.swift */; };
/* End PBXBuildFile section */

/* Begin PBXContainerItemProxy section */
		32E5839126C46118003DD07A /* PBXContainerItemProxy */ = {
			isa = PBXContainerItemProxy;
			containerPortal = 32E5836E26C460DF003DD07A /* Project object */;
			proxyType = 1;
			remoteGlobalIDString = 32E5837526C460DF003DD07A;
			remoteInfo = UITest_Practice;
		};
/* End PBXContainerItemProxy section */

/* Begin PBXFileReference section */
		32E5837626C460DF003DD07A /* UITest_Practice.app */ = {isa = PBXFileReference; explicitFileType = wrapper.application; includeInIndex = 0; path = UITest_Practice.app; sourceTree = BUILT_PRODUCTS_DIR; };
		32E5837926C460DF003DD07A /* UITest_PracticeApp.swift */ = {isa = PBXFileReference; lastKnownFileType = sourcecode.swift; path = UITest_PracticeApp.swift; sourceTree = "<group>"; };
		32E5837B26C460DF003DD07A /* ContentView.swift */ = {isa = PBXFileReference; lastKnownFileType = sourcecode.swift; path = ContentView.swift; sourceTree = "<group>"; };
		32E5837D26C460E1003DD07A /* Assets.xcassets */ = {isa = PBXFileReference; lastKnownFileType = folder.assetcatalog; path = Assets.xcassets; sourceTree = "<group>"; };
		32E5838026C460E1003DD07A /* Preview Assets.xcassets */ = {isa = PBXFileReference; lastKnownFileType = folder.assetcatalog; path = "Preview Assets.xcassets"; sourceTree = "<group>"; };
		32E5838226C460E1003DD07A /* Info.plist */ = {isa = PBXFileReference; lastKnownFileType = text.plist.xml; path = Info.plist; sourceTree = "<group>"; };
		32E5838C26C46118003DD07A /* UITest_Practice_Tests.xctest */ = {isa = PBXFileReference; explicitFileType = wrapper.cfbundle; includeInIndex = 0; path = UITest_Practice_Tests.xctest; sourceTree = BUILT_PRODUCTS_DIR; };
		32E5838E26C46118003DD07A /* UITest_Practice_Tests.swift */ = {isa = PBXFileReference; lastKnownFileType = sourcecode.swift; path = UITest_Practice_Tests.swift; sourceTree = "<group>"; };
		32E5839026C46118003DD07A /* Info.plist */ = {isa = PBXFileReference; lastKnownFileType = text.plist.xml; path = Info.plist; sourceTree = "<group>"; };
/* End PBXFileReference section */

/* Begin PBXFrameworksBuildPhase section */
		32E5837326C460DF003DD07A /* Frameworks */ = {
			isa = PBXFrameworksBuildPhase;
			buildActionMask = 2147483647;
			files = (
			);
			runOnlyForDeploymentPostprocessing = 0;
		};
		32E5838926C46118003DD07A /* Frameworks */ = {
			isa = PBXFrameworksBuildPhase;
			buildActionMask = 2147483647;
			files = (
			);
			runOnlyForDeploymentPostprocessing = 0;
		};
/* End PBXFrameworksBuildPhase section */

/* Begin PBXGroup section */
		32E5836D26C460DF003DD07A = {
			isa = PBXGroup;
			children = (
				32E5837826C460DF003DD07A /* UITest_Practice */,
				32E5838D26C46118003DD07A /* UITest_Practice_Tests */,
				32E5837726C460DF003DD07A /* Products */,
			);
			sourceTree = "<group>";
		};
		32E5837726C460DF003DD07A /* Products */ = {
			isa = PBXGroup;
			children = (
				32E5837626C460DF003DD07A /* UITest_Practice.app */,
				32E5838C26C46118003DD07A /* UITest_Practice_Tests.xctest */,
			);
			name = Products;
			sourceTree = "<group>";
		};
		32E5837826C460DF003DD07A /* UITest_Practice */ = {
			isa = PBXGroup;
			children = (
				32E5837926C460DF003DD07A /* UITest_PracticeApp.swift */,
				32E5837B26C460DF003DD07A /* ContentView.swift */,
				32E5837D26C460E1003DD07A /* Assets.xcassets */,
				32E5838226C460E1003DD07A /* Info.plist */,
				32E5837F26C460E1003DD07A /* Preview Content */,
			);
			path = UITest_Practice;
			sourceTree = "<group>";
		};
		32E5837F26C460E1003DD07A /* Preview Content */ = {
			isa = PBXGroup;
			children = (
				32E5838026C460E1003DD07A /* Preview Assets.xcassets */,
			);
			path = "Preview Content";
			sourceTree = "<group>";
		};
		32E5838D26C46118003DD07A /* UITest_Practice_Tests */ = {
			isa = PBXGroup;
			children = (
				32E5838E26C46118003DD07A /* UITest_Practice_Tests.swift */,
				32E5839026C46118003DD07A /* Info.plist */,
			);
			path = UITest_Practice_Tests;
			sourceTree = "<group>";
		};
/* End PBXGroup section */

/* Begin PBXNativeTarget section */
		32E5837526C460DF003DD07A /* UITest_Practice */ = {
			isa = PBXNativeTarget;
			buildConfigurationList = 32E5838526C460E1003DD07A /* Build configuration list for PBXNativeTarget "UITest_Practice" */;
			buildPhases = (
				32E5837226C460DF003DD07A /* Sources */,
				32E5837326C460DF003DD07A /* Frameworks */,
				32E5837426C460DF003DD07A /* Resources */,
			);
			buildRules = (
			);
			dependencies = (
			);
			name = UITest_Practice;
			productName = UITest_Practice;
			productReference = 32E5837626C460DF003DD07A /* UITest_Practice.app */;
			productType = "com.apple.product-type.application";
		};
		32E5838B26C46118003DD07A /* UITest_Practice_Tests */ = {
			isa = PBXNativeTarget;
			buildConfigurationList = 32E5839326C46118003DD07A /* Build configuration list for PBXNativeTarget "UITest_Practice_Tests" */;
			buildPhases = (
				32E5838826C46118003DD07A /* Sources */,
				32E5838926C46118003DD07A /* Frameworks */,
				32E5838A26C46118003DD07A /* Resources */,
			);
			buildRules = (
			);
			dependencies = (
				32E5839226C46118003DD07A /* PBXTargetDependency */,
			);
			name = UITest_Practice_Tests;
			productName = UITest_Practice_Tests;
			productReference = 32E5838C26C46118003DD07A /* UITest_Practice_Tests.xctest */;
			productType = "com.apple.product-type.bundle.ui-testing";
		};
/* End PBXNativeTarget section */

/* Begin PBXProject section */
		32E5836E26C460DF003DD07A /* Project object */ = {
			isa = PBXProject;
			attributes = {
				LastSwiftUpdateCheck = 1250;
				LastUpgradeCheck = 1250;
				TargetAttributes = {
					32E5837526C460DF003DD07A = {
						CreatedOnToolsVersion = 12.5;
					};
					32E5838B26C46118003DD07A = {
						CreatedOnToolsVersion = 12.5;
						TestTargetID = 32E5837526C460DF003DD07A;
					};
				};
			};
			buildConfigurationList = 32E5837126C460DF003DD07A /* Build configuration list for PBXProject "UITest_Practice" */;
			compatibilityVersion = "Xcode 9.3";
			developmentRegion = en;
			hasScannedForEncodings = 0;
			knownRegions = (
				en,
				Base,
			);
			mainGroup = 32E5836D26C460DF003DD07A;
			productRefGroup = 32E5837726C460DF003DD07A /* Products */;
			projectDirPath = "";
			projectRoot = "";
			targets = (
				32E5837526C460DF003DD07A /* UITest_Practice */,
				32E5838B26C46118003DD07A /* UITest_Practice_Tests */,
			);
		};
/* End PBXProject section */

/* Begin PBXResourcesBuildPhase section */
		32E5837426C460DF003DD07A /* Resources */ = {
			isa = PBXResourcesBuildPhase;
			buildActionMask = 2147483647;
			files = (
				32E5838126C460E1003DD07A /* Preview Assets.xcassets in Resources */,
				32E5837E26C460E1003DD07A /* Assets.xcassets in Resources */,
			);
			runOnlyForDeploymentPostprocessing = 0;
		};
		32E5838A26C46118003DD07A /* Resources */ = {
			isa = PBXResourcesBuildPhase;
			buildActionMask = 2147483647;
			files = (
			);
			runOnlyForDeploymentPostprocessing = 0;
		};
/* End PBXResourcesBuildPhase section */

/* Begin PBXSourcesBuildPhase section */
		32E5837226C460DF003DD07A /* Sources */ = {
			isa = PBXSourcesBuildPhase;
			buildActionMask = 2147483647;
			files = (
				32E5837C26C460DF003DD07A /* ContentView.swift in Sources */,
				32E5837A26C460DF003DD07A /* UITest_PracticeApp.swift in Sources */,
			);
			runOnlyForDeploymentPostprocessing = 0;
		};
		32E5838826C46118003DD07A /* Sources */ = {
			isa = PBXSourcesBuildPhase;
			buildActionMask = 2147483647;
			files = (
				32E5838F26C46118003DD07A /* UITest_Practice_Tests.swift in Sources */,
			);
			runOnlyForDeploymentPostprocessing = 0;
		};
/* End PBXSourcesBuildPhase section */

/* Begin PBXTargetDependency section */
		32E5839226C46118003DD07A /* PBXTargetDependency */ = {
			isa = PBXTargetDependency;
			target = 32E5837526C460DF003DD07A /* UITest_Practice */;
			targetProxy = 32E5839126C46118003DD07A /* PBXContainerItemProxy */;
		};
/* End PBXTargetDependency section */

/* Begin XCBuildConfiguration section */
		32E5838326C460E1003DD07A /* Debug */ = {
			isa = XCBuildConfiguration;
			buildSettings = {
				ALWAYS_SEARCH_USER_PATHS = NO;
				CLANG_ANALYZER_NONNULL = YES;
				CLANG_ANALYZER_NUMBER_OBJECT_CONVERSION = YES_AGGRESSIVE;
				CLANG_CXX_LANGUAGE_STANDARD = "gnu++14";
				CLANG_CXX_LIBRARY = "libc++";
				CLANG_ENABLE_MODULES = YES;
				CLANG_ENABLE_OBJC_ARC = YES;
				CLANG_ENABLE_OBJC_WEAK = YES;
				CLANG_WARN_BLOCK_CAPTURE_AUTORELEASING = YES;
				CLANG_WARN_BOOL_CONVERSION = YES;
				CLANG_WARN_COMMA = YES;
				CLANG_WARN_CONSTANT_CONVERSION = YES;
				CLANG_WARN_DEPRECATED_OBJC_IMPLEMENTATIONS = YES;
				CLANG_WARN_DIRECT_OBJC_ISA_USAGE = YES_ERROR;
				CLANG_WARN_DOCUMENTATION_COMMENTS = YES;
				CLANG_WARN_EMPTY_BODY = YES;
				CLANG_WARN_ENUM_CONVERSION = YES;
				CLANG_WARN_INFINITE_RECURSION = YES;
				CLANG_WARN_INT_CONVERSION = YES;
				CLANG_WARN_NON_LITERAL_NULL_CONVERSION = YES;
				CLANG_WARN_OBJC_IMPLICIT_RETAIN_SELF = YES;
				CLANG_WARN_OBJC_LITERAL_CONVERSION = YES;
				CLANG_WARN_OBJC_ROOT_CLASS = YES_ERROR;
				CLANG_WARN_QUOTED_INCLUDE_IN_FRAMEWORK_HEADER = YES;
				CLANG_WARN_RANGE_LOOP_ANALYSIS = YES;
				CLANG_WARN_STRICT_PROTOTYPES = YES;
				CLANG_WARN_SUSPICIOUS_MOVE = YES;
				CLANG_WARN_UNGUARDED_AVAILABILITY = YES_AGGRESSIVE;
				CLANG_WARN_UNREACHABLE_CODE = YES;
				CLANG_WARN__DUPLICATE_METHOD_MATCH = YES;
				COPY_PHASE_STRIP = NO;
				DEBUG_INFORMATION_FORMAT = dwarf;
				ENABLE_STRICT_OBJC_MSGSEND = YES;
				ENABLE_TESTABILITY = YES;
				GCC_C_LANGUAGE_STANDARD = gnu11;
				GCC_DYNAMIC_NO_PIC = NO;
				GCC_NO_COMMON_BLOCKS = YES;
				GCC_OPTIMIZATION_LEVEL = 0;
				GCC_PREPROCESSOR_DEFINITIONS = (
					"DEBUG=1",
					"$(inherited)",
				);
				GCC_WARN_64_TO_32_BIT_CONVERSION = YES;
				GCC_WARN_ABOUT_RETURN_TYPE = YES_ERROR;
				GCC_WARN_UNDECLARED_SELECTOR = YES;
				GCC_WARN_UNINITIALIZED_AUTOS = YES_AGGRESSIVE;
				GCC_WARN_UNUSED_FUNCTION = YES;
				GCC_WARN_UNUSED_VARIABLE = YES;
				IPHONEOS_DEPLOYMENT_TARGET = 14.5;
				MTL_ENABLE_DEBUG_INFO = INCLUDE_SOURCE;
				MTL_FAST_MATH = YES;
				ONLY_ACTIVE_ARCH = YES;
				SDKROOT = iphoneos;
				SWIFT_ACTIVE_COMPILATION_CONDITIONS = DEBUG;
				SWIFT_OPTIMIZATION_LEVEL = "-Onone";
			};
			name = Debug;
		};
		32E5838426C460E1003DD07A /* Release */ = {
			isa = XCBuildConfiguration;
			buildSettings = {
				ALWAYS_SEARCH_USER_PATHS = NO;
				CLANG_ANALYZER_NONNULL = YES;
				CLANG_ANALYZER_NUMBER_OBJECT_CONVERSION = YES_AGGRESSIVE;
				CLANG_CXX_LANGUAGE_STANDARD = "gnu++14";
				CLANG_CXX_LIBRARY = "libc++";
				CLANG_ENABLE_MODULES = YES;
				CLANG_ENABLE_OBJC_ARC = YES;
				CLANG_ENABLE_OBJC_WEAK = YES;
				CLANG_WARN_BLOCK_CAPTURE_AUTORELEASING = YES;
				CLANG_WARN_BOOL_CONVERSION = YES;
				CLANG_WARN_COMMA = YES;
				CLANG_WARN_CONSTANT_CONVERSION = YES;
				CLANG_WARN_DEPRECATED_OBJC_IMPLEMENTATIONS = YES;
				CLANG_WARN_DIRECT_OBJC_ISA_USAGE = YES_ERROR;
				CLANG_WARN_DOCUMENTATION_COMMENTS = YES;
				CLANG_WARN_EMPTY_BODY = YES;
				CLANG_WARN_ENUM_CONVERSION = YES;
				CLANG_WARN_INFINITE_RECURSION = YES;
				CLANG_WARN_INT_CONVERSION = YES;
				CLANG_WARN_NON_LITERAL_NULL_CONVERSION = YES;
				CLANG_WARN_OBJC_IMPLICIT_RETAIN_SELF = YES;
				CLANG_WARN_OBJC_LITERAL_CONVERSION = YES;
				CLANG_WARN_OBJC_ROOT_CLASS = YES_ERROR;
				CLANG_WARN_QUOTED_INCLUDE_IN_FRAMEWORK_HEADER = YES;
				CLANG_WARN_RANGE_LOOP_ANALYSIS = YES;
				CLANG_WARN_STRICT_PROTOTYPES = YES;
				CLANG_WARN_SUSPICIOUS_MOVE = YES;
				CLANG_WARN_UNGUARDED_AVAILABILITY = YES_AGGRESSIVE;
				CLANG_WARN_UNREACHABLE_CODE = YES;
				CLANG_WARN__DUPLICATE_METHOD_MATCH = YES;
				COPY_PHASE_STRIP = NO;
				DEBUG_INFORMATION_FORMAT = "dwarf-with-dsym";
				ENABLE_NS_ASSERTIONS = NO;
				ENABLE_STRICT_OBJC_MSGSEND = YES;
				GCC_C_LANGUAGE_STANDARD = gnu11;
				GCC_NO_COMMON_BLOCKS = YES;
				GCC_WARN_64_TO_32_BIT_CONVERSION = YES;
				GCC_WARN_ABOUT_RETURN_TYPE = YES_ERROR;
				GCC_WARN_UNDECLARED_SELECTOR = YES;
				GCC_WARN_UNINITIALIZED_AUTOS = YES_AGGRESSIVE;
				GCC_WARN_UNUSED_FUNCTION = YES;
				GCC_WARN_UNUSED_VARIABLE = YES;
				IPHONEOS_DEPLOYMENT_TARGET = 14.5;
				MTL_ENABLE_DEBUG_INFO = NO;
				MTL_FAST_MATH = YES;
				SDKROOT = iphoneos;
				SWIFT_COMPILATION_MODE = wholemodule;
				SWIFT_OPTIMIZATION_LEVEL = "-O";
				VALIDATE_PRODUCT = YES;
			};
			name = Release;
		};
		32E5838626C460E1003DD07A /* Debug */ = {
			isa = XCBuildConfiguration;
			buildSettings = {
				ASSETCATALOG_COMPILER_APPICON_NAME = AppIcon;
				ASSETCATALOG_COMPILER_GLOBAL_ACCENT_COLOR_NAME = AccentColor;
				CODE_SIGN_STYLE = Automatic;
				DEVELOPMENT_ASSET_PATHS = "\"UITest_Practice/Preview Content\"";
				DEVELOPMENT_TEAM = 644UZ2HN9Q;
				ENABLE_PREVIEWS = YES;
				INFOPLIST_FILE = UITest_Practice/Info.plist;
				IPHONEOS_DEPLOYMENT_TARGET = 14.0;
				LD_RUNPATH_SEARCH_PATHS = (
					"$(inherited)",
					"@executable_path/Frameworks",
				);
				PRODUCT_BUNDLE_IDENTIFIER = "com.MarshallTechnology.UITest-Practice";
				PRODUCT_NAME = "$(TARGET_NAME)";
				SWIFT_VERSION = 5.0;
				TARGETED_DEVICE_FAMILY = "1,2";
			};
			name = Debug;
		};
		32E5838726C460E1003DD07A /* Release */ = {
			isa = XCBuildConfiguration;
			buildSettings = {
				ASSETCATALOG_COMPILER_APPICON_NAME = AppIcon;
				ASSETCATALOG_COMPILER_GLOBAL_ACCENT_COLOR_NAME = AccentColor;
				CODE_SIGN_STYLE = Automatic;
				DEVELOPMENT_ASSET_PATHS = "\"UITest_Practice/Preview Content\"";
				DEVELOPMENT_TEAM = 644UZ2HN9Q;
				ENABLE_PREVIEWS = YES;
				INFOPLIST_FILE = UITest_Practice/Info.plist;
				IPHONEOS_DEPLOYMENT_TARGET = 14.0;
				LD_RUNPATH_SEARCH_PATHS = (
					"$(inherited)",
					"@executable_path/Frameworks",
				);
				PRODUCT_BUNDLE_IDENTIFIER = "com.MarshallTechnology.UITest-Practice";
				PRODUCT_NAME = "$(TARGET_NAME)";
				SWIFT_VERSION = 5.0;
				TARGETED_DEVICE_FAMILY = "1,2";
			};
			name = Release;
		};
		32E5839426C46118003DD07A /* Debug */ = {
			isa = XCBuildConfiguration;
			buildSettings = {
				CODE_SIGN_STYLE = Automatic;
				DEVELOPMENT_TEAM = 644UZ2HN9Q;
				INFOPLIST_FILE = UITest_Practice_Tests/Info.plist;
				LD_RUNPATH_SEARCH_PATHS = (
					"$(inherited)",
					"@executable_path/Frameworks",
					"@loader_path/Frameworks",
				);
				PRODUCT_BUNDLE_IDENTIFIER = "com.MarshallTechnology.UITest-Practice-Tests";
				PRODUCT_NAME = "$(TARGET_NAME)";
				SWIFT_VERSION = 5.0;
				TARGETED_DEVICE_FAMILY = "1,2";
				TEST_TARGET_NAME = UITest_Practice;
			};
			name = Debug;
		};
		32E5839526C46118003DD07A /* Release */ = {
			isa = XCBuildConfiguration;
			buildSettings = {
				CODE_SIGN_STYLE = Automatic;
				DEVELOPMENT_TEAM = 644UZ2HN9Q;
				INFOPLIST_FILE = UITest_Practice_Tests/Info.plist;
				LD_RUNPATH_SEARCH_PATHS = (
					"$(inherited)",
					"@executable_path/Frameworks",
					"@loader_path/Frameworks",
				);
				PRODUCT_BUNDLE_IDENTIFIER = "com.MarshallTechnology.UITest-Practice-Tests";
				PRODUCT_NAME = "$(TARGET_NAME)";
				SWIFT_VERSION = 5.0;
				TARGETED_DEVICE_FAMILY = "1,2";
				TEST_TARGET_NAME = UITest_Practice;
			};
			name = Release;
		};
/* End XCBuildConfiguration section */

/* Begin XCConfigurationList section */
		32E5837126C460DF003DD07A /* Build configuration list for PBXProject "UITest_Practice" */ = {
			isa = XCConfigurationList;
			buildConfigurations = (
				32E5838326C460E1003DD07A /* Debug */,
				32E5838426C460E1003DD07A /* Release */,
			);
			defaultConfigurationIsVisible = 0;
			defaultConfigurationName = Release;
		};
		32E5838526C460E1003DD07A /* Build configuration list for PBXNativeTarget "UITest_Practice" */ = {
			isa = XCConfigurationList;
			buildConfigurations = (
				32E5838626C460E1003DD07A /* Debug */,
				32E5838726C460E1003DD07A /* Release */,
			);
			defaultConfigurationIsVisible = 0;
			defaultConfigurationName = Release;
		};
		32E5839326C46118003DD07A /* Build configuration list for PBXNativeTarget "UITest_Practice_Tests" */ = {
			isa = XCConfigurationList;
			buildConfigurations = (
				32E5839426C46118003DD07A /* Debug */,
				32E5839526C46118003DD07A /* Release */,
			);
			defaultConfigurationIsVisible = 0;
			defaultConfigurationName = Release;
		};
/* End XCConfigurationList section */
	};
	rootObject = 32E5836E26C460DF003DD07A /* Project object */;
}
